
Microsoft Visual Studio Solution File, Format Version 12.00
# Visual Studio 2013
VisualStudioVersion = 12.0.30110.0
MinimumVisualStudioVersion = 10.0.40219.1
Project("{2150E333-8FDC-42A3-9474-1A3956D46DE8}") = "Solution Items", "Solution Items", "{122E63B6-97EC-45BC-A6F4-965BEA9C2935}"
	ProjectSection(SolutionItems) = preProject
		..\default.html = ..\default.html
	EndProjectSection
EndProject
Project("{FAE04EC0-301F-11D3-BF4B-00C04F79EFBC}") = "web", "web\web.csproj", "{58FBB3A8-624D-4719-8D96-73014F5C9F42}"
EndProject
Project("{2150E333-8FDC-42A3-9474-1A3956D46DE8}") = ".nuget", ".nuget", "{861F078D-E4F5-4615-94B7-3FCD130DAD71}"
	ProjectSection(SolutionItems) = preProject
		.nuget\NuGet.Config = .nuget\NuGet.Config
		.nuget\NuGet.exe = .nuget\NuGet.exe
		.nuget\NuGet.targets = .nuget\NuGet.targets
	EndProjectSection
EndProject
Global
	GlobalSection(SolutionConfigurationPlatforms) = preSolution
		Debug|Any CPU = Debug|Any CPU
		Release|Any CPU = Release|Any CPU
	EndGlobalSection
	GlobalSection(ProjectConfigurationPlatforms) = postSolution
		{58FBB3A8-624D-4719-8D96-73014F5C9F42}.Debug|Any CPU.ActiveCfg = Debug|Any CPU
		{58FBB3A8-624D-4719-8D96-73014F5C9F42}.Debug|Any CPU.Build.0 = Debug|Any CPU
		{58FBB3A8-624D-4719-8D96-73014F5C9F42}.Release|Any CPU.ActiveCfg = Release|Any CPU
		{58FBB3A8-624D-4719-8D96-73014F5C9F42}.Release|Any CPU.Build.0 = Release|Any CPU
	EndGlobalSection
	GlobalSection(SolutionProperties) = preSolution
		HideSolutionNode = FALSE
	EndGlobalSection
EndGlobal
